
Microsoft Visual Studio Solution File, Format Version 12.00
# Visual Studio 15
VisualStudioVersion = 15.0.27703.2035
MinimumVisualStudioVersion = 10.0.40219.1
Project("{FAE04EC0-301F-11D3-BF4B-00C04F79EFBC}") = "csharp-solitaire", "csharp-solitaire\csharp-solitaire.csproj", "{6C1E10D9-5151-4107-99C7-49DADD4A3945}"
EndProject
Global
	GlobalSection(SolutionConfigurationPlatforms) = preSolution
		Debug|Any CPU = Debug|Any CPU
		Release|Any CPU = Release|Any CPU
	EndGlobalSection
	GlobalSection(ProjectConfigurationPlatforms) = postSolution
		{6C1E10D9-5151-4107-99C7-49DADD4A3945}.Debug|Any CPU.ActiveCfg = Debug|Any CPU
		{6C1E10D9-5151-4107-99C7-49DADD4A3945}.Debug|Any CPU.Build.0 = Debug|Any CPU
		{6C1E10D9-5151-4107-99C7-49DADD4A3945}.Release|Any CPU.ActiveCfg = Release|Any CPU
		{6C1E10D9-5151-4107-99C7-49DADD4A3945}.Release|Any CPU.Build.0 = Release|Any CPU
	EndGlobalSection
	GlobalSection(SolutionProperties) = preSolution
		HideSolutionNode = FALSE
	EndGlobalSection
	GlobalSection(ExtensibilityGlobals) = postSolution
		SolutionGuid = {BCD9BB06-72B6-4BDB-919C-1CC1FAB08F39}
	EndGlobalSection
EndGlobal
